
Microsoft Visual Studio Solution File, Format Version 12.00
# Visual Studio Version 17
VisualStudioVersion = 17.9.34728.123
MinimumVisualStudioVersion = 10.0.40219.1
Project("{FAE04EC0-301F-11D3-BF4B-00C04F79EFBC}") = "ToDoService", "ToDoService.csproj", "{B74C2DA5-AF99-4F93-808F-2EBB0D85450A}"
EndProject
Global
	GlobalSection(SolutionConfigurationPlatforms) = preSolution
		Debug|Any CPU = Debug|Any CPU
		Release|Any CPU = Release|Any CPU
	EndGlobalSection
	GlobalSection(ProjectConfigurationPlatforms) = postSolution
		{B74C2DA5-AF99-4F93-808F-2EBB0D85450A}.Debug|Any CPU.ActiveCfg = Debug|Any CPU
		{B74C2DA5-AF99-4F93-808F-2EBB0D85450A}.Debug|Any CPU.Build.0 = Debug|Any CPU
		{B74C2DA5-AF99-4F93-808F-2EBB0D85450A}.Release|Any CPU.ActiveCfg = Release|Any CPU
		{B74C2DA5-AF99-4F93-808F-2EBB0D85450A}.Release|Any CPU.Build.0 = Release|Any CPU
	EndGlobalSection
	GlobalSection(SolutionProperties) = preSolution
		HideSolutionNode = FALSE
	EndGlobalSection
	GlobalSection(ExtensibilityGlobals) = postSolution
		SolutionGuid = {610BE6B6-5724-4BF4-A939-2D5EE94A1C8E}
	EndGlobalSection
EndGlobal
